
Microsoft Visual Studio Solution File, Format Version 12.00
# Visual Studio Version 17
VisualStudioVersion = 17.3.32901.215
MinimumVisualStudioVersion = 10.0.40219.1
Project("{FAE04EC0-301F-11D3-BF4B-00C04F79EFBC}") = "PrismaNews", "PrismaNews.csproj", "{35F01B96-89F1-43E7-AEBF-FCD6E8AE6A83}"
EndProject
Global
	GlobalSection(SolutionConfigurationPlatforms) = preSolution
		Debug|Any CPU = Debug|Any CPU
		Release|Any CPU = Release|Any CPU
	EndGlobalSection
	GlobalSection(ProjectConfigurationPlatforms) = postSolution
		{35F01B96-89F1-43E7-AEBF-FCD6E8AE6A83}.Debug|Any CPU.ActiveCfg = Debug|Any CPU
		{35F01B96-89F1-43E7-AEBF-FCD6E8AE6A83}.Debug|Any CPU.Build.0 = Debug|Any CPU
		{35F01B96-89F1-43E7-AEBF-FCD6E8AE6A83}.Release|Any CPU.ActiveCfg = Release|Any CPU
		{35F01B96-89F1-43E7-AEBF-FCD6E8AE6A83}.Release|Any CPU.Build.0 = Release|Any CPU
	EndGlobalSection
	GlobalSection(SolutionProperties) = preSolution
		HideSolutionNode = FALSE
	EndGlobalSection
	GlobalSection(ExtensibilityGlobals) = postSolution
		SolutionGuid = {A38DBA9B-B814-402F-97E5-9B021EBCC155}
	EndGlobalSection
EndGlobal
